
Microsoft Visual Studio Solution File, Format Version 12.00
# Visual Studio 15
VisualStudioVersion = 15.0.28307.136
MinimumVisualStudioVersion = 10.0.40219.1
Project("{FAE04EC0-301F-11D3-BF4B-00C04F79EFBC}") = "Basic Database", "Basic Database\Basic Database.csproj", "{422C4B6F-516C-4E0A-BCFF-9FB6BB72E67D}"
EndProject
Global
	GlobalSection(SolutionConfigurationPlatforms) = preSolution
		Debug|Any CPU = Debug|Any CPU
		Release|Any CPU = Release|Any CPU
	EndGlobalSection
	GlobalSection(ProjectConfigurationPlatforms) = postSolution
		{422C4B6F-516C-4E0A-BCFF-9FB6BB72E67D}.Debug|Any CPU.ActiveCfg = Debug|Any CPU
		{422C4B6F-516C-4E0A-BCFF-9FB6BB72E67D}.Debug|Any CPU.Build.0 = Debug|Any CPU
		{422C4B6F-516C-4E0A-BCFF-9FB6BB72E67D}.Release|Any CPU.ActiveCfg = Release|Any CPU
		{422C4B6F-516C-4E0A-BCFF-9FB6BB72E67D}.Release|Any CPU.Build.0 = Release|Any CPU
	EndGlobalSection
	GlobalSection(SolutionProperties) = preSolution
		HideSolutionNode = FALSE
	EndGlobalSection
	GlobalSection(ExtensibilityGlobals) = postSolution
		SolutionGuid = {170F4901-DAE3-4CBE-B6F5-D8D29FF75618}
	EndGlobalSection
EndGlobal
